
Microsoft Visual Studio Solution File, Format Version 12.00
# Visual Studio Version 17
VisualStudioVersion = 17.6.33723.286
MinimumVisualStudioVersion = 10.0.40219.1
Project("{FAE04EC0-301F-11D3-BF4B-00C04F79EFBC}") = "Monoregion.App.UWP", "Monoregion.App.UWP\Monoregion.App.UWP.csproj", "{E116E482-3D31-4DBB-B4AD-3775BEF3A36D}"
EndProject
Project("{FAE04EC0-301F-11D3-BF4B-00C04F79EFBC}") = "Monoregion.App.Android", "Monoregion.App.Android\Monoregion.App.Android.csproj", "{DFAB2D38-B79D-4842-AA1A-14554EE0315C}"
EndProject
Project("{FAE04EC0-301F-11D3-BF4B-00C04F79EFBC}") = "Monoregion.App.iOS", "Monoregion.App.iOS\Monoregion.App.iOS.csproj", "{D80677B3-D546-43FF-89B9-934710F4FFDE}"
EndProject
Project("{FAE04EC0-301F-11D3-BF4B-00C04F79EFBC}") = "Monoregion.App", "Monoregion.App\Monoregion.App.csproj", "{91EA7D29-7448-44C7-A2E2-33B7111284D8}"
EndProject
Global
	GlobalSection(SolutionConfigurationPlatforms) = preSolution
		Debug|Any CPU = Debug|Any CPU
		Debug|ARM = Debug|ARM
		Debug|iPhone = Debug|iPhone
		Debug|iPhoneSimulator = Debug|iPhoneSimulator
		Debug|x64 = Debug|x64
		Debug|x86 = Debug|x86
		Release|Any CPU = Release|Any CPU
		Release|ARM = Release|ARM
		Release|iPhone = Release|iPhone
		Release|iPhoneSimulator = Release|iPhoneSimulator
		Release|x64 = Release|x64
		Release|x86 = Release|x86
	EndGlobalSection
	GlobalSection(ProjectConfigurationPlatforms) = postSolution
		{E116E482-3D31-4DBB-B4AD-3775BEF3A36D}.Debug|Any CPU.ActiveCfg = Debug|x64
		{E116E482-3D31-4DBB-B4AD-3775BEF3A36D}.Debug|Any CPU.Build.0 = Debug|x64
		{E116E482-3D31-4DBB-B4AD-3775BEF3A36D}.Debug|Any CPU.Deploy.0 = Debug|x64
		{E116E482-3D31-4DBB-B4AD-3775BEF3A36D}.Debug|ARM.ActiveCfg = Debug|ARM
		{E116E482-3D31-4DBB-B4AD-3775BEF3A36D}.Debug|ARM.Build.0 = Debug|ARM
		{E116E482-3D31-4DBB-B4AD-3775BEF3A36D}.Debug|ARM.Deploy.0 = Debug|ARM
		{E116E482-3D31-4DBB-B4AD-3775BEF3A36D}.Debug|iPhone.ActiveCfg = Debug|x64
		{E116E482-3D31-4DBB-B4AD-3775BEF3A36D}.Debug|iPhone.Build.0 = Debug|x64
		{E116E482-3D31-4DBB-B4AD-3775BEF3A36D}.Debug|iPhone.Deploy.0 = Debug|x64
		{E116E482-3D31-4DBB-B4AD-3775BEF3A36D}.Debug|iPhoneSimulator.ActiveCfg = Debug|x64
		{E116E482-3D31-4DBB-B4AD-3775BEF3A36D}.Debug|iPhoneSimulator.Build.0 = Debug|x64
		{E116E482-3D31-4DBB-B4AD-3775BEF3A36D}.Debug|iPhoneSimulator.Deploy.0 = Debug|x64
		{E116E482-3D31-4DBB-B4AD-3775BEF3A36D}.Debug|x64.ActiveCfg = Debug|x64
		{E116E482-3D31-4DBB-B4AD-3775BEF3A36D}.Debug|x64.Build.0 = Debug|x64
		{E116E482-3D31-4DBB-B4AD-3775BEF3A36D}.Debug|x64.Deploy.0 = Debug|x64
		{E116E482-3D31-4DBB-B4AD-3775BEF3A36D}.Debug|x86.ActiveCfg = Debug|x86
		{E116E482-3D31-4DBB-B4AD-3775BEF3A36D}.Debug|x86.Build.0 = Debug|x86
		{E116E482-3D31-4DBB-B4AD-3775BEF3A36D}.Debug|x86.Deploy.0 = Debug|x86
		{E116E482-3D31-4DBB-B4AD-3775BEF3A36D}.Release|Any CPU.ActiveCfg = Release|x64
		{E116E482-3D31-4DBB-B4AD-3775BEF3A36D}.Release|Any CPU.Build.0 = Release|x64
		{E116E482-3D31-4DBB-B4AD-3775BEF3A36D}.Release|Any CPU.Deploy.0 = Release|x64
		{E116E482-3D31-4DBB-B4AD-3775BEF3A36D}.Release|ARM.ActiveCfg = Release|ARM
		{E116E482-3D31-4DBB-B4AD-3775BEF3A36D}.Release|ARM.Build.0 = Release|ARM
		{E116E482-3D31-4DBB-B4AD-3775BEF3A36D}.Release|ARM.Deploy.0 = Release|ARM
		{E116E482-3D31-4DBB-B4AD-3775BEF3A36D}.Release|iPhone.ActiveCfg = Release|x64
		{E116E482-3D31-4DBB-B4AD-3775BEF3A36D}.Release|iPhone.Build.0 = Release|x64
		{E116E482-3D31-4DBB-B4AD-3775BEF3A36D}.Release|iPhone.Deploy.0 = Release|x64
		{E116E482-3D31-4DBB-B4AD-3775BEF3A36D}.Release|iPhoneSimulator.ActiveCfg = Release|x64
		{E116E482-3D31-4DBB-B4AD-3775BEF3A36D}.Release|iPhoneSimulator.Build.0 = Release|x64
		{E116E482-3D31-4DBB-B4AD-3775BEF3A36D}.Release|iPhoneSimulator.Deploy.0 = Release|x64
		{E116E482-3D31-4DBB-B4AD-3775BEF3A36D}.Release|x64.ActiveCfg = Release|x64
		{E116E482-3D31-4DBB-B4AD-3775BEF3A36D}.Release|x64.Build.0 = Release|x64
		{E116E482-3D31-4DBB-B4AD-3775BEF3A36D}.Release|x64.Deploy.0 = Release|x64
		{E116E482-3D31-4DBB-B4AD-3775BEF3A36D}.Release|x86.ActiveCfg = Release|x86
		{E116E482-3D31-4DBB-B4AD-3775BEF3A36D}.Release|x86.Build.0 = Release|x86
		{E116E482-3D31-4DBB-B4AD-3775BEF3A36D}.Release|x86.Deploy.0 = Release|x86
		{DFAB2D38-B79D-4842-AA1A-14554EE0315C}.Debug|Any CPU.ActiveCfg = Debug|Any CPU
		{DFAB2D38-B79D-4842-AA1A-14554EE0315C}.Debug|Any CPU.Build.0 = Debug|Any CPU
		{DFAB2D38-B79D-4842-AA1A-14554EE0315C}.Debug|Any CPU.Deploy.0 = Debug|Any CPU
		{DFAB2D38-B79D-4842-AA1A-14554EE0315C}.Debug|ARM.ActiveCfg = Debug|Any CPU
		{DFAB2D38-B79D-4842-AA1A-14554EE0315C}.Debug|ARM.Build.0 = Debug|Any CPU
		{DFAB2D38-B79D-4842-AA1A-14554EE0315C}.Debug|ARM.Deploy.0 = Debug|Any CPU
		{DFAB2D38-B79D-4842-AA1A-14554EE0315C}.Debug|iPhone.ActiveCfg = Debug|Any CPU
		{DFAB2D38-B79D-4842-AA1A-14554EE0315C}.Debug|iPhone.Build.0 = Debug|Any CPU
		{DFAB2D38-B79D-4842-AA1A-14554EE0315C}.Debug|iPhone.Deploy.0 = Debug|Any CPU
		{DFAB2D38-B79D-4842-AA1A-14554EE0315C}.Debug|iPhoneSimulator.ActiveCfg = Debug|Any CPU
		{DFAB2D38-B79D-4842-AA1A-14554EE0315C}.Debug|iPhoneSimulator.Build.0 = Debug|Any CPU
		{DFAB2D38-B79D-4842-AA1A-14554EE0315C}.Debug|iPhoneSimulator.Deploy.0 = Debug|Any CPU
		{DFAB2D38-B79D-4842-AA1A-14554EE0315C}.Debug|x64.ActiveCfg = Debug|Any CPU
		{DFAB2D38-B79D-4842-AA1A-14554EE0315C}.Debug|x64.Build.0 = Debug|Any CPU
		{DFAB2D38-B79D-4842-AA1A-14554EE0315C}.Debug|x64.Deploy.0 = Debug|Any CPU
		{DFAB2D38-B79D-4842-AA1A-14554EE0315C}.Debug|x86.ActiveCfg = Debug|Any CPU
		{DFAB2D38-B79D-4842-AA1A-14554EE0315C}.Debug|x86.Build.0 = Debug|Any CPU
		{DFAB2D38-B79D-4842-AA1A-14554EE0315C}.Debug|x86.Deploy.0 = Debug|Any CPU
		{DFAB2D38-B79D-4842-AA1A-14554EE0315C}.Release|Any CPU.ActiveCfg = Release|Any CPU
		{DFAB2D38-B79D-4842-AA1A-14554EE0315C}.Release|Any CPU.Build.0 = Release|Any CPU
		{DFAB2D38-B79D-4842-AA1A-14554EE0315C}.Release|Any CPU.Deploy.0 = Release|Any CPU
		{DFAB2D38-B79D-4842-AA1A-14554EE0315C}.Release|ARM.ActiveCfg = Release|Any CPU
		{DFAB2D38-B79D-4842-AA1A-14554EE0315C}.Release|ARM.Build.0 = Release|Any CPU
		{DFAB2D38-B79D-4842-AA1A-14554EE0315C}.Release|ARM.Deploy.0 = Release|Any CPU
		{DFAB2D38-B79D-4842-AA1A-14554EE0315C}.Release|iPhone.ActiveCfg = Release|Any CPU
		{DFAB2D38-B79D-4842-AA1A-14554EE0315C}.Release|iPhone.Build.0 = Release|Any CPU
		{DFAB2D38-B79D-4842-AA1A-14554EE0315C}.Release|iPhone.Deploy.0 = Release|Any CPU
		{DFAB2D38-B79D-4842-AA1A-14554EE0315C}.Release|iPhoneSimulator.ActiveCfg = Release|Any CPU
		{DFAB2D38-B79D-4842-AA1A-14554EE0315C}.Release|iPhoneSimulator.Build.0 = Release|Any CPU
		{DFAB2D38-B79D-4842-AA1A-14554EE0315C}.Release|iPhoneSimulator.Deploy.0 = Release|Any CPU
		{DFAB2D38-B79D-4842-AA1A-14554EE0315C}.Release|x64.ActiveCfg = Release|Any CPU
		{DFAB2D38-B79D-4842-AA1A-14554EE0315C}.Release|x64.Build.0 = Release|Any CPU
		{DFAB2D38-B79D-4842-AA1A-14554EE0315C}.Release|x64.Deploy.0 = Release|Any CPU
		{DFAB2D38-B79D-4842-AA1A-14554EE0315C}.Release|x86.ActiveCfg = Release|Any CPU
		{DFAB2D38-B79D-4842-AA1A-14554EE0315C}.Release|x86.Build.0 = Release|Any CPU
		{DFAB2D38-B79D-4842-AA1A-14554EE0315C}.Release|x86.Deploy.0 = Release|Any CPU
		{D80677B3-D546-43FF-89B9-934710F4FFDE}.Debug|Any CPU.ActiveCfg = Debug|iPhoneSimulator
		{D80677B3-D546-43FF-89B9-934710F4FFDE}.Debug|Any CPU.Build.0 = Debug|iPhoneSimulator
		{D80677B3-D546-43FF-89B9-934710F4FFDE}.Debug|Any CPU.Deploy.0 = Debug|iPhoneSimulator
		{D80677B3-D546-43FF-89B9-934710F4FFDE}.Debug|ARM.ActiveCfg = Debug|iPhoneSimulator
		{D80677B3-D546-43FF-89B9-934710F4FFDE}.Debug|ARM.Build.0 = Debug|iPhoneSimulator
		{D80677B3-D546-43FF-89B9-934710F4FFDE}.Debug|ARM.Deploy.0 = Debug|iPhoneSimulator
		{D80677B3-D546-43FF-89B9-934710F4FFDE}.Debug|iPhone.ActiveCfg = Debug|iPhone
		{D80677B3-D546-43FF-89B9-934710F4FFDE}.Debug|iPhone.Build.0 = Debug|iPhone
		{D80677B3-D546-43FF-89B9-934710F4FFDE}.Debug|iPhone.Deploy.0 = Debug|iPhone
		{D80677B3-D546-43FF-89B9-934710F4FFDE}.Debug|iPhoneSimulator.ActiveCfg = Debug|iPhoneSimulator
		{D80677B3-D546-43FF-89B9-934710F4FFDE}.Debug|iPhoneSimulator.Build.0 = Debug|iPhoneSimulator
		{D80677B3-D546-43FF-89B9-934710F4FFDE}.Debug|iPhoneSimulator.Deploy.0 = Debug|iPhoneSimulator
		{D80677B3-D546-43FF-89B9-934710F4FFDE}.Debug|x64.ActiveCfg = Debug|iPhone
		{D80677B3-D546-43FF-89B9-934710F4FFDE}.Debug|x64.Build.0 = Debug|iPhone
		{D80677B3-D546-43FF-89B9-934710F4FFDE}.Debug|x64.Deploy.0 = Debug|iPhone
		{D80677B3-D546-43FF-89B9-934710F4FFDE}.Debug|x86.ActiveCfg = Debug|iPhoneSimulator
		{D80677B3-D546-43FF-89B9-934710F4FFDE}.Debug|x86.Build.0 = Debug|iPhoneSimulator
		{D80677B3-D546-43FF-89B9-934710F4FFDE}.Debug|x86.Deploy.0 = Debug|iPhoneSimulator
		{D80677B3-D546-43FF-89B9-934710F4FFDE}.Release|Any CPU.ActiveCfg = Release|iPhoneSimulator
		{D80677B3-D546-43FF-89B9-934710F4FFDE}.Release|Any CPU.Build.0 = Release|iPhoneSimulator
		{D80677B3-D546-43FF-89B9-934710F4FFDE}.Release|Any CPU.Deploy.0 = Release|iPhoneSimulator
		{D80677B3-D546-43FF-89B9-934710F4FFDE}.Release|ARM.ActiveCfg = Release|iPhoneSimulator
		{D80677B3-D546-43FF-89B9-934710F4FFDE}.Release|ARM.Build.0 = Release|iPhoneSimulator
		{D80677B3-D546-43FF-89B9-934710F4FFDE}.Release|ARM.Deploy.0 = Release|iPhoneSimulator
		{D80677B3-D546-43FF-89B9-934710F4FFDE}.Release|iPhone.ActiveCfg = Release|iPhone
		{D80677B3-D546-43FF-89B9-934710F4FFDE}.Release|iPhone.Build.0 = Release|iPhone
		{D80677B3-D546-43FF-89B9-934710F4FFDE}.Release|iPhone.Deploy.0 = Release|iPhone
		{D80677B3-D546-43FF-89B9-934710F4FFDE}.Release|iPhoneSimulator.ActiveCfg = Release|iPhoneSimulator
		{D80677B3-D546-43FF-89B9-934710F4FFDE}.Release|iPhoneSimulator.Build.0 = Release|iPhoneSimulator
		{D80677B3-D546-43FF-89B9-934710F4FFDE}.Release|iPhoneSimulator.Deploy.0 = Release|iPhoneSimulator
		{D80677B3-D546-43FF-89B9-934710F4FFDE}.Release|x64.ActiveCfg = Release|iPhoneSimulator
		{D80677B3-D546-43FF-89B9-934710F4FFDE}.Release|x64.Build.0 = Release|iPhoneSimulator
		{D80677B3-D546-43FF-89B9-934710F4FFDE}.Release|x64.Deploy.0 = Release|iPhoneSimulator
		{D80677B3-D546-43FF-89B9-934710F4FFDE}.Release|x86.ActiveCfg = Release|iPhoneSimulator
		{D80677B3-D546-43FF-89B9-934710F4FFDE}.Release|x86.Build.0 = Release|iPhoneSimulator
		{D80677B3-D546-43FF-89B9-934710F4FFDE}.Release|x86.Deploy.0 = Release|iPhoneSimulator
		{91EA7D29-7448-44C7-A2E2-33B7111284D8}.Debug|Any CPU.ActiveCfg = Debug|Any CPU
		{91EA7D29-7448-44C7-A2E2-33B7111284D8}.Debug|Any CPU.Build.0 = Debug|Any CPU
		{91EA7D29-7448-44C7-A2E2-33B7111284D8}.Debug|Any CPU.Deploy.0 = Debug|Any CPU
		{91EA7D29-7448-44C7-A2E2-33B7111284D8}.Debug|ARM.ActiveCfg = Debug|Any CPU
		{91EA7D29-7448-44C7-A2E2-33B7111284D8}.Debug|ARM.Build.0 = Debug|Any CPU
		{91EA7D29-7448-44C7-A2E2-33B7111284D8}.Debug|ARM.Deploy.0 = Debug|Any CPU
		{91EA7D29-7448-44C7-A2E2-33B7111284D8}.Debug|iPhone.ActiveCfg = Debug|Any CPU
		{91EA7D29-7448-44C7-A2E2-33B7111284D8}.Debug|iPhone.Build.0 = Debug|Any CPU
		{91EA7D29-7448-44C7-A2E2-33B7111284D8}.Debug|iPhone.Deploy.0 = Debug|Any CPU
		{91EA7D29-7448-44C7-A2E2-33B7111284D8}.Debug|iPhoneSimulator.ActiveCfg = Debug|Any CPU
		{91EA7D29-7448-44C7-A2E2-33B7111284D8}.Debug|iPhoneSimulator.Build.0 = Debug|Any CPU
		{91EA7D29-7448-44C7-A2E2-33B7111284D8}.Debug|iPhoneSimulator.Deploy.0 = Debug|Any CPU
		{91EA7D29-7448-44C7-A2E2-33B7111284D8}.Debug|x64.ActiveCfg = Debug|Any CPU
		{91EA7D29-7448-44C7-A2E2-33B7111284D8}.Debug|x64.Build.0 = Debug|Any CPU
		{91EA7D29-7448-44C7-A2E2-33B7111284D8}.Debug|x64.Deploy.0 = Debug|Any CPU
		{91EA7D29-7448-44C7-A2E2-33B7111284D8}.Debug|x86.ActiveCfg = Debug|Any CPU
		{91EA7D29-7448-44C7-A2E2-33B7111284D8}.Debug|x86.Build.0 = Debug|Any CPU
		{91EA7D29-7448-44C7-A2E2-33B7111284D8}.Debug|x86.Deploy.0 = Debug|Any CPU
		{91EA7D29-7448-44C7-A2E2-33B7111284D8}.Release|Any CPU.ActiveCfg = Release|Any CPU
		{91EA7D29-7448-44C7-A2E2-33B7111284D8}.Release|Any CPU.Build.0 = Release|Any CPU
		{91EA7D29-7448-44C7-A2E2-33B7111284D8}.Release|Any CPU.Deploy.0 = Release|Any CPU
		{91EA7D29-7448-44C7-A2E2-33B7111284D8}.Release|ARM.ActiveCfg = Release|Any CPU
		{91EA7D29-7448-44C7-A2E2-33B7111284D8}.Release|ARM.Build.0 = Release|Any CPU
		{91EA7D29-7448-44C7-A2E2-33B7111284D8}.Release|ARM.Deploy.0 = Release|Any CPU
		{91EA7D29-7448-44C7-A2E2-33B7111284D8}.Release|iPhone.ActiveCfg = Release|Any CPU
		{91EA7D29-7448-44C7-A2E2-33B7111284D8}.Release|iPhone.Build.0 = Release|Any CPU
		{91EA7D29-7448-44C7-A2E2-33B7111284D8}.Release|iPhone.Deploy.0 = Release|Any CPU
		{91EA7D29-7448-44C7-A2E2-33B7111284D8}.Release|iPhoneSimulator.ActiveCfg = Release|Any CPU
		{91EA7D29-7448-44C7-A2E2-33B7111284D8}.Release|iPhoneSimulator.Build.0 = Release|Any CPU
		{91EA7D29-7448-44C7-A2E2-33B7111284D8}.Release|iPhoneSimulator.Deploy.0 = Release|Any CPU
		{91EA7D29-7448-44C7-A2E2-33B7111284D8}.Release|x64.ActiveCfg = Release|Any CPU
		{91EA7D29-7448-44C7-A2E2-33B7111284D8}.Release|x64.Build.0 = Release|Any CPU
		{91EA7D29-7448-44C7-A2E2-33B7111284D8}.Release|x64.Deploy.0 = Release|Any CPU
		{91EA7D29-7448-44C7-A2E2-33B7111284D8}.Release|x86.ActiveCfg = Release|Any CPU
		{91EA7D29-7448-44C7-A2E2-33B7111284D8}.Release|x86.Build.0 = Release|Any CPU
		{91EA7D29-7448-44C7-A2E2-33B7111284D8}.Release|x86.Deploy.0 = Release|Any CPU
	EndGlobalSection
	GlobalSection(SolutionProperties) = preSolution
		HideSolutionNode = FALSE
	EndGlobalSection
	GlobalSection(ExtensibilityGlobals) = postSolution
		SolutionGuid = {D1D39A0A-5779-4B2F-8E26-FE0D2F6E226E}
	EndGlobalSection
EndGlobal
